
Microsoft Visual Studio Solution File, Format Version 12.00
# Visual Studio Version 17
VisualStudioVersion = 17.8.34330.188
MinimumVisualStudioVersion = 10.0.40219.1
Project("{FAE04EC0-301F-11D3-BF4B-00C04F79EFBC}") = "HW2", "HW2.csproj", "{4965E694-11F5-42F4-80F6-0CBA6D3AD482}"
EndProject
Global
	GlobalSection(SolutionConfigurationPlatforms) = preSolution
		Debug|Any CPU = Debug|Any CPU
		Release|Any CPU = Release|Any CPU
	EndGlobalSection
	GlobalSection(ProjectConfigurationPlatforms) = postSolution
		{4965E694-11F5-42F4-80F6-0CBA6D3AD482}.Debug|Any CPU.ActiveCfg = Debug|Any CPU
		{4965E694-11F5-42F4-80F6-0CBA6D3AD482}.Debug|Any CPU.Build.0 = Debug|Any CPU
		{4965E694-11F5-42F4-80F6-0CBA6D3AD482}.Release|Any CPU.ActiveCfg = Release|Any CPU
		{4965E694-11F5-42F4-80F6-0CBA6D3AD482}.Release|Any CPU.Build.0 = Release|Any CPU
	EndGlobalSection
	GlobalSection(SolutionProperties) = preSolution
		HideSolutionNode = FALSE
	EndGlobalSection
	GlobalSection(ExtensibilityGlobals) = postSolution
		SolutionGuid = {66BBB0F2-DE42-4560-9542-B6F7E024F7CC}
	EndGlobalSection
EndGlobal
